
Microsoft Visual Studio Solution File, Format Version 12.00
# Visual Studio Version 17
VisualStudioVersion = 17.0.31611.283
MinimumVisualStudioVersion = 10.0.40219.1
Project("{9A19103F-16F7-4668-BE54-9A1E7A4F7556}") = "FirstMauiApp", "FirstMauiApp\FirstMauiApp.csproj", "{659B6260-A3D0-4183-AF53-A649540B05BD}"
EndProject
Project("{FAE04EC0-301F-11D3-BF4B-00C04F79EFBC}") = "Data", "ApiClient\Data.csproj", "{55BA3A02-D2E9-401B-A6FB-8661F302BC20}"
EndProject
Project("{FAE04EC0-301F-11D3-BF4B-00C04F79EFBC}") = "domain", "domain\domain.csproj", "{A343F73F-9DD4-400B-9AA1-96DF9DC47410}"
EndProject
Global
	GlobalSection(SolutionConfigurationPlatforms) = preSolution
		Debug|Any CPU = Debug|Any CPU
		Release|Any CPU = Release|Any CPU
	EndGlobalSection
	GlobalSection(ProjectConfigurationPlatforms) = postSolution
		{659B6260-A3D0-4183-AF53-A649540B05BD}.Debug|Any CPU.ActiveCfg = Debug|Any CPU
		{659B6260-A3D0-4183-AF53-A649540B05BD}.Debug|Any CPU.Build.0 = Debug|Any CPU
		{659B6260-A3D0-4183-AF53-A649540B05BD}.Debug|Any CPU.Deploy.0 = Debug|Any CPU
		{659B6260-A3D0-4183-AF53-A649540B05BD}.Release|Any CPU.ActiveCfg = Release|Any CPU
		{659B6260-A3D0-4183-AF53-A649540B05BD}.Release|Any CPU.Build.0 = Release|Any CPU
		{659B6260-A3D0-4183-AF53-A649540B05BD}.Release|Any CPU.Deploy.0 = Release|Any CPU
		{55BA3A02-D2E9-401B-A6FB-8661F302BC20}.Debug|Any CPU.ActiveCfg = Debug|Any CPU
		{55BA3A02-D2E9-401B-A6FB-8661F302BC20}.Debug|Any CPU.Build.0 = Debug|Any CPU
		{55BA3A02-D2E9-401B-A6FB-8661F302BC20}.Release|Any CPU.ActiveCfg = Release|Any CPU
		{55BA3A02-D2E9-401B-A6FB-8661F302BC20}.Release|Any CPU.Build.0 = Release|Any CPU
		{A343F73F-9DD4-400B-9AA1-96DF9DC47410}.Debug|Any CPU.ActiveCfg = Debug|Any CPU
		{A343F73F-9DD4-400B-9AA1-96DF9DC47410}.Debug|Any CPU.Build.0 = Debug|Any CPU
		{A343F73F-9DD4-400B-9AA1-96DF9DC47410}.Release|Any CPU.ActiveCfg = Release|Any CPU
		{A343F73F-9DD4-400B-9AA1-96DF9DC47410}.Release|Any CPU.Build.0 = Release|Any CPU
	EndGlobalSection
	GlobalSection(SolutionProperties) = preSolution
		HideSolutionNode = FALSE
	EndGlobalSection
	GlobalSection(ExtensibilityGlobals) = postSolution
		SolutionGuid = {61F7FB11-1E47-470C-91E2-47F8143E1572}
	EndGlobalSection
EndGlobal
